
Microsoft Visual Studio Solution File, Format Version 12.00
# Visual Studio Version 17
VisualStudioVersion = 17.12.35707.178
MinimumVisualStudioVersion = 10.0.40219.1
Project("{2150E333-8FDC-42A3-9474-1A3956D46DE8}") = "doc", "doc", "{A5B01B14-6554-4B62-81CA-E5CD275BBEFA}"
	ProjectSection(SolutionItems) = preProject
		.gitignore = .gitignore
		LICENSE = LICENSE
		README.md = README.md
	EndProjectSection
EndProject
Project("{2150E333-8FDC-42A3-9474-1A3956D46DE8}") = "src", "src", "{FE4292A3-306E-4D7E-97F5-6B40F5C6CBA4}"
EndProject
Project("{2150E333-8FDC-42A3-9474-1A3956D46DE8}") = "test", "test", "{AA7D78BA-4023-43A3-BC8F-BF0F42711600}"
EndProject
Project("{2150E333-8FDC-42A3-9474-1A3956D46DE8}") = "External", "External", "{8F8C3F58-C9D9-4C61-92A3-587D7AE04269}"
EndProject
Project("{2150E333-8FDC-42A3-9474-1A3956D46DE8}") = "Internal", "Internal", "{470386FD-0B3A-466F-837A-A826D3E9BAF5}"
EndProject
Project("{2150E333-8FDC-42A3-9474-1A3956D46DE8}") = "Core", "Core", "{25B8E29A-745D-47F6-A822-2D65DB634E25}"
EndProject
Project("{2150E333-8FDC-42A3-9474-1A3956D46DE8}") = "Adapters", "Adapters", "{6D15FD59-74C1-4FE8-8FFF-EBE6B30004DF}"
EndProject
Project("{2150E333-8FDC-42A3-9474-1A3956D46DE8}") = "Driven", "Driven", "{E9E530E9-88F4-4F32-9F6C-3B4243201DF2}"
EndProject
Project("{2150E333-8FDC-42A3-9474-1A3956D46DE8}") = "Driving", "Driving", "{5A6CC5D0-ABFE-4D6C-9A3E-B01830016E78}"
EndProject
Project("{FAE04EC0-301F-11D3-BF4B-00C04F79EFBC}") = "Seritool.Domain", "src\Internal\Core\Seritool.Domain\Seritool.Domain.csproj", "{639B614C-CF05-45DD-ADDD-5420AD53BAB3}"
EndProject
Project("{FAE04EC0-301F-11D3-BF4B-00C04F79EFBC}") = "Seritool.Application", "src\Internal\Core\Seritool.Application\Seritool.Application.csproj", "{6E7DCF9B-5485-40FE-AABB-C21CFECA8E9E}"
EndProject
Project("{FAE04EC0-301F-11D3-BF4B-00C04F79EFBC}") = "Seritool.Test", "test\Seritool.Test\Seritool.Test.csproj", "{02A37101-360B-430A-BD73-A38CEAED647E}"
EndProject
Project("{FAE04EC0-301F-11D3-BF4B-00C04F79EFBC}") = "Seritool.Desktop", "src\External\Adapters\Driven\Seritool.Desktop\Seritool.Desktop.csproj", "{79AEC4DC-B37C-40EB-B031-715BB454E530}"
EndProject
Project("{FAE04EC0-301F-11D3-BF4B-00C04F79EFBC}") = "Seritool.Seriport", "src\External\Adapters\Driving\Seritool.Seriport\Seritool.Seriport.csproj", "{0B36C169-0CA5-4B55-B749-AD169F22EDE9}"
EndProject
Project("{FAE04EC0-301F-11D3-BF4B-00C04F79EFBC}") = "Seritool.WPF", "src\External\Adapters\Driven\Seritool.WPF\Seritool.WPF.csproj", "{870AA44E-3D5F-41FB-A85F-041E5065AD13}"
EndProject
Global
	GlobalSection(SolutionConfigurationPlatforms) = preSolution
		Debug|Any CPU = Debug|Any CPU
		Release|Any CPU = Release|Any CPU
	EndGlobalSection
	GlobalSection(ProjectConfigurationPlatforms) = postSolution
		{639B614C-CF05-45DD-ADDD-5420AD53BAB3}.Debug|Any CPU.ActiveCfg = Debug|Any CPU
		{639B614C-CF05-45DD-ADDD-5420AD53BAB3}.Debug|Any CPU.Build.0 = Debug|Any CPU
		{639B614C-CF05-45DD-ADDD-5420AD53BAB3}.Release|Any CPU.ActiveCfg = Release|Any CPU
		{639B614C-CF05-45DD-ADDD-5420AD53BAB3}.Release|Any CPU.Build.0 = Release|Any CPU
		{6E7DCF9B-5485-40FE-AABB-C21CFECA8E9E}.Debug|Any CPU.ActiveCfg = Debug|Any CPU
		{6E7DCF9B-5485-40FE-AABB-C21CFECA8E9E}.Debug|Any CPU.Build.0 = Debug|Any CPU
		{6E7DCF9B-5485-40FE-AABB-C21CFECA8E9E}.Release|Any CPU.ActiveCfg = Release|Any CPU
		{6E7DCF9B-5485-40FE-AABB-C21CFECA8E9E}.Release|Any CPU.Build.0 = Release|Any CPU
		{02A37101-360B-430A-BD73-A38CEAED647E}.Debug|Any CPU.ActiveCfg = Debug|Any CPU
		{02A37101-360B-430A-BD73-A38CEAED647E}.Debug|Any CPU.Build.0 = Debug|Any CPU
		{02A37101-360B-430A-BD73-A38CEAED647E}.Release|Any CPU.ActiveCfg = Release|Any CPU
		{02A37101-360B-430A-BD73-A38CEAED647E}.Release|Any CPU.Build.0 = Release|Any CPU
		{79AEC4DC-B37C-40EB-B031-715BB454E530}.Debug|Any CPU.ActiveCfg = Debug|Any CPU
		{79AEC4DC-B37C-40EB-B031-715BB454E530}.Debug|Any CPU.Build.0 = Debug|Any CPU
		{79AEC4DC-B37C-40EB-B031-715BB454E530}.Release|Any CPU.ActiveCfg = Release|Any CPU
		{79AEC4DC-B37C-40EB-B031-715BB454E530}.Release|Any CPU.Build.0 = Release|Any CPU
		{0B36C169-0CA5-4B55-B749-AD169F22EDE9}.Debug|Any CPU.ActiveCfg = Debug|Any CPU
		{0B36C169-0CA5-4B55-B749-AD169F22EDE9}.Debug|Any CPU.Build.0 = Debug|Any CPU
		{0B36C169-0CA5-4B55-B749-AD169F22EDE9}.Release|Any CPU.ActiveCfg = Release|Any CPU
		{0B36C169-0CA5-4B55-B749-AD169F22EDE9}.Release|Any CPU.Build.0 = Release|Any CPU
		{870AA44E-3D5F-41FB-A85F-041E5065AD13}.Debug|Any CPU.ActiveCfg = Debug|Any CPU
		{870AA44E-3D5F-41FB-A85F-041E5065AD13}.Debug|Any CPU.Build.0 = Debug|Any CPU
		{870AA44E-3D5F-41FB-A85F-041E5065AD13}.Release|Any CPU.ActiveCfg = Release|Any CPU
		{870AA44E-3D5F-41FB-A85F-041E5065AD13}.Release|Any CPU.Build.0 = Release|Any CPU
	EndGlobalSection
	GlobalSection(SolutionProperties) = preSolution
		HideSolutionNode = FALSE
	EndGlobalSection
	GlobalSection(NestedProjects) = preSolution
		{8F8C3F58-C9D9-4C61-92A3-587D7AE04269} = {FE4292A3-306E-4D7E-97F5-6B40F5C6CBA4}
		{470386FD-0B3A-466F-837A-A826D3E9BAF5} = {FE4292A3-306E-4D7E-97F5-6B40F5C6CBA4}
		{25B8E29A-745D-47F6-A822-2D65DB634E25} = {470386FD-0B3A-466F-837A-A826D3E9BAF5}
		{6D15FD59-74C1-4FE8-8FFF-EBE6B30004DF} = {8F8C3F58-C9D9-4C61-92A3-587D7AE04269}
		{E9E530E9-88F4-4F32-9F6C-3B4243201DF2} = {6D15FD59-74C1-4FE8-8FFF-EBE6B30004DF}
		{5A6CC5D0-ABFE-4D6C-9A3E-B01830016E78} = {6D15FD59-74C1-4FE8-8FFF-EBE6B30004DF}
		{639B614C-CF05-45DD-ADDD-5420AD53BAB3} = {25B8E29A-745D-47F6-A822-2D65DB634E25}
		{6E7DCF9B-5485-40FE-AABB-C21CFECA8E9E} = {25B8E29A-745D-47F6-A822-2D65DB634E25}
		{02A37101-360B-430A-BD73-A38CEAED647E} = {AA7D78BA-4023-43A3-BC8F-BF0F42711600}
		{79AEC4DC-B37C-40EB-B031-715BB454E530} = {E9E530E9-88F4-4F32-9F6C-3B4243201DF2}
		{0B36C169-0CA5-4B55-B749-AD169F22EDE9} = {5A6CC5D0-ABFE-4D6C-9A3E-B01830016E78}
		{870AA44E-3D5F-41FB-A85F-041E5065AD13} = {E9E530E9-88F4-4F32-9F6C-3B4243201DF2}
	EndGlobalSection
EndGlobal
